<Solution>
  <Folder Name="/SolutionItems/">
    <File Path="Directory.Packages.props" />
  </Folder>
  <Folder Name="/src/">
    <Project Path="src/MermaidSharp/MermaidSharp.csproj" />
  </Folder>
  <Folder Name="/tests/">
    <Project Path="tests/MermaidSharp.Tests/MermaidSharp.Tests.csproj" />
  </Folder>
</Solution>
