<Solution>
  <Folder Name="/SolutionItems/">
    <File Path="../global.json" />
    <File Path="Directory.Build.props" />
    <File Path="Directory.Packages.props" />
  </Folder>
  <Project Path="Naiad/Naiad.csproj" />
  <Project Path="Tests/Tests.csproj" />
  <Project Path="Benchmarks/Benchmarks.csproj" />
</Solution>
